{
  "nodes": {
    "nixpkgs": {
      "locked": {
        "lastModified": 1774818300,
        "narHash": "sha256-4eRB7XOFBxQ/tUUFPjz7UU2/zt1dtTiVP96X9BNWdeI=",
        "owner": "NixOS",
        "repo": "nixpkgs",
        "rev": "fb0b20238291625260547f4ce9f5540aff156fd5",
        "type": "github"
      },
      "original": {
        "owner": "NixOS",
        "ref": "nixpkgs-25.11-darwin",
        "repo": "nixpkgs",
        "type": "github"
      }
    },
    "root": {
      "inputs": {
        "nixpkgs": "nixpkgs"
      }
    }
  },
  "root": "root",
  "version": 7
}
